#MicroXplorer Configuration settings - do not modify
CAD.formats=
CAD.pinconfig=
CAD.provider=
File.Version=6
GPIO.groupedBy=Group By Peripherals
I2C1.IPParameters=Timing
I2C1.Timing=0x00303D5B
KeepUserPlacement=false
MMTAppRegionsCount=0
MMTConfigApplied=false
Mcu.CPN=STM32WB05KZV6TR
Mcu.Family=STM32WB0
Mcu.IP0=ADV_TRACE
Mcu.IP1=COMMON_BLE
Mcu.IP10=RADIO_TIMER
Mcu.IP11=RCC
Mcu.IP12=RNG
Mcu.IP13=RTC
Mcu.IP14=SEQUENCER
Mcu.IP15=STM32_BLE
Mcu.IP16=SYS
Mcu.IP17=TIM2
Mcu.IP18=TINY_LPM
Mcu.IP19=USART1
Mcu.IP2=CORTEX_M0+
Mcu.IP3=I2C1
Mcu.IP4=MEMORYMAP
Mcu.IP5=MISC
Mcu.IP6=NVIC
Mcu.IP7=PKA
Mcu.IP8=PWR
Mcu.IP9=RADIO
Mcu.IPNb=20
Mcu.Name=STM32WB05KZVx
Mcu.Package=VFQFPN32
Mcu.Pin0=PB3
Mcu.Pin1=PB0
Mcu.Pin10=PB13
Mcu.Pin11=PB12
Mcu.Pin12=PB7
Mcu.Pin13=PB6
Mcu.Pin14=VP_ADV_TRACE_VS_ADV_TRACE
Mcu.Pin15=VP_COMMON_BLE_VS_Utility_Common_BLE_1.0.0_1.0.0
Mcu.Pin16=VP_MISC_VS_MISC
Mcu.Pin17=VP_PKA_VS_PKA
Mcu.Pin18=VP_PWR_VS_SECSignals
Mcu.Pin19=VP_RADIO_TIMER_VS_RADIO
Mcu.Pin2=PA1
Mcu.Pin20=VP_RNG_VS_RNG
Mcu.Pin21=VP_RTC_VS_RTC_Activate
Mcu.Pin22=VP_RTC_VS_RTC_Calendar
Mcu.Pin23=VP_SEQUENCER_VS_SEQUENCER
Mcu.Pin24=VP_STM32_BLE_VS_BLE_HOST_SP
Mcu.Pin25=VP_SYS_VS_Systick
Mcu.Pin26=VP_TIM2_VS_ClockSourceINT
Mcu.Pin27=VP_TINY_LPM_VS_TINY_LPM
Mcu.Pin28=VP_MEMORYMAP_VS_MEMORYMAP
Mcu.Pin3=PA0
Mcu.Pin4=PA8
Mcu.Pin5=PA9
Mcu.Pin6=RF1
Mcu.Pin7=OSCOUT
Mcu.Pin8=OSCIN
Mcu.Pin9=PB14
Mcu.PinsNb=29
Mcu.ThirdPartyNb=0
Mcu.UserConstants=
Mcu.UserName=STM32WB05KZVx
MxCube.Version=6.15.0
MxDb.Version=DB.6.0.150
NVIC.ForceEnableDMAVector=true
NVIC.GPIOB_IRQn=true\:1\:0\:false\:false\:true\:true\:true\:true
NVIC.HardFault_IRQn=true\:0\:0\:false\:false\:true\:false\:false\:false
NVIC.NonMaskableInt_IRQn=true\:0\:0\:false\:false\:true\:false\:false\:false
NVIC.PendSV_IRQn=true\:0\:0\:false\:false\:true\:false\:false\:false
NVIC.RADIO_TIMER_CPU_WKUP_IRQn=true\:0\:0\:false\:false\:true\:false\:true\:true
NVIC.RADIO_TIMER_ERROR_IRQn=true\:0\:0\:false\:false\:true\:false\:true\:true
NVIC.RADIO_TXRX_IRQn=true\:0\:0\:false\:false\:true\:false\:true\:true
NVIC.RADIO_TXRX_SEQ_IRQn=true\:0\:0\:false\:false\:true\:false\:true\:true
NVIC.SVCall_IRQn=true\:0\:0\:false\:false\:true\:false\:false\:false
NVIC.SysTick_IRQn=true\:3\:0\:false\:false\:true\:false\:true\:false
OSCIN.Locked=true
OSCIN.Mode=HSE-External-Oscillator
OSCIN.Signal=RCC_OSC_IN
OSCOUT.Mode=HSE-External-Oscillator
OSCOUT.Signal=RCC_OSC_OUT
PA0.Locked=true
PA0.Mode=I2C
PA0.Signal=I2C1_SCL
PA1.Locked=true
PA1.Mode=I2C
PA1.Signal=I2C1_SDA
PA8.Locked=true
PA8.Signal=S_TIM2_CH3
PA9.Mode=Asynchronous
PA9.Signal=USART1_TX
PB0.GPIOParameters=GPIO_PuPd
PB0.GPIO_PuPd=GPIO_PULLDOWN
PB0.Locked=true
PB0.Signal=GPXTI0
PB12.Locked=true
PB12.Mode=LSE-External-Oscillator
PB12.Signal=RCC_OSC32_OUT
PB13.Mode=LSE-External-Oscillator
PB13.Signal=RCC_OSC32_IN
PB14.Mode=Asynchronous
PB14.Signal=USART1_RX
PB3.GPIOParameters=GPIO_PuPd,GPIO_Label
PB3.GPIO_Label=CHARGE
PB3.GPIO_PuPd=GPIO_PULLUP
PB3.Locked=true
PB3.Signal=GPIO_Input
PB6.Locked=true
PB6.Signal=S_TIM2_CH1
PB7.Locked=true
PB7.Signal=S_TIM2_CH2
PinOutPanel.RotationAngle=0
ProjectManager.AskForMigrate=true
ProjectManager.BackupPrevious=false
ProjectManager.CompilerLinker=GCC
ProjectManager.CompilerOptimize=6
ProjectManager.ComputerToolchain=false
ProjectManager.CoupleFile=false
ProjectManager.CustomerFirmwarePackage=
ProjectManager.DefaultFWLocation=true
ProjectManager.DeletePrevious=true
ProjectManager.DeviceId=STM32WB05KZVx
ProjectManager.FirmwarePackage=STM32Cube FW_WB0 V1.3.0
ProjectManager.FreePins=false
ProjectManager.HalAssertFull=false
ProjectManager.HeapSize=0x000
ProjectManager.KeepUserCode=true
ProjectManager.LastFirmware=true
ProjectManager.LibraryCopy=1
ProjectManager.MainLocation=Core/Src
ProjectManager.NoMain=false
ProjectManager.PreviousToolchain=
ProjectManager.ProjectBuild=false
ProjectManager.ProjectFileName=WatchDogBT.ioc
ProjectManager.ProjectName=WatchDogBT
ProjectManager.ProjectStructure=
ProjectManager.RegisterCallBack=UART
ProjectManager.StackSize=0xC00
ProjectManager.TargetToolchain=STM32CubeIDE
ProjectManager.ToolChainLocation=
ProjectManager.UAScriptAfterPath=
ProjectManager.UAScriptBeforePath=
ProjectManager.UnderRoot=true
ProjectManager.functionlistsort=1-SystemClock_Config-RCC-false-HAL-false,2-MX_GPIO_Init-GPIO-false-HAL-true,3-MX_TIM2_Init-TIM2-false-HAL-true,4-MX_I2C1_Init-I2C1-false-HAL-true,5-MX_RNG_Init-RNG-false-HAL-true,6-MX_PKA_Init-PKA-false-HAL-true,7-MX_RADIO_Init-RADIO-false-HAL-true,8-MX_RADIO_TIMER_Init-RADIO_TIMER-false-HAL-true,9-APPE_Init-STM32_BLE-false-HAL-false,10-MX_USART1_UART_Init-USART1-true-HAL-false,11-MX_RTC_Init-RTC-false-HAL-true,0-MX_CORTEX_M0+_Init-CORTEX_M0+-false-HAL-true,0-MX_PWR_Init-PWR-false-HAL-true
RADIO_TIMER.IPParameters=XTAL_StartupTime
RADIO_TIMER.XTAL_StartupTime=1000
RCC.BLEFreq_VALUE=32000000
RCC.CLKI2S3Freq_VALUE=64000000
RCC.CLKSYSFreq_VALUE=32000000
RCC.CLKSYSMultSource=SYSCLK32Prescaler
RCC.Clk16MHzFreq_VALUE=16000000
RCC.Clk16MHzSource=CLK16MHzDiv2
RCC.Clk32MHzFreq_VALUE=32000000
RCC.Clk32MHzSource=SysCLKOutput
RCC.ClkSMPSFreq_VALUE=4000000
RCC.FamilyName=M
RCC.HSE_VALUE=32000000
RCC.HSI_VALUE=64000000
RCC.IPParameters=BLEFreq_VALUE,CLKI2S3Freq_VALUE,CLKSYSFreq_VALUE,CLKSYSMultSource,Clk16MHzFreq_VALUE,Clk16MHzSource,Clk32MHzFreq_VALUE,Clk32MHzSource,ClkSMPSFreq_VALUE,FamilyName,HSE_VALUE,HSI_VALUE,LPUARTFreq_VALUE,LSCOPinFreq_Value,LSI_VALUE,MCO1PinFreq_Value,RC64MPLLSource,RTCClockSelection,RTCFreq_Value,SYSCLKSource,SysCLKFreq_VALUE
RCC.LPUARTFreq_VALUE=16000000
RCC.LSCOPinFreq_Value=32000
RCC.LSI_VALUE=32000
RCC.MCO1PinFreq_Value=32000000
RCC.RC64MPLLSource=RCC_LSCOSOURCE_PLL64
RCC.RTCClockSelection=RCC_RTC_WDG_BLEWKUP_CLKSOURCE_LSE
RCC.RTCFreq_Value=32768
RCC.SYSCLKSource=RCC_SYSCLKSOURCE_DIRECT_HSE
RCC.SysCLKFreq_VALUE=32000000
RF1.Mode=RF1_Activate
RF1.Signal=RADIO_RF1
RTC.Date=13
RTC.Hours=11
RTC.IPParameters=Date,Hours,Minutes,Year
RTC.Minutes=25
RTC.Year=26
SH.GPXTI0.0=GPIO_EXTI0
SH.GPXTI0.ConfNb=1
SH.S_TIM2_CH1.0=TIM2_CH1,PWM Generation1 CH1
SH.S_TIM2_CH1.ConfNb=1
SH.S_TIM2_CH2.0=TIM2_CH2,PWM Generation2 CH2
SH.S_TIM2_CH2.ConfNb=1
SH.S_TIM2_CH3.0=TIM2_CH3,PWM Generation3 CH3
SH.S_TIM2_CH3.ConfNb=1
STM32_BLE.ADV_FILTER=HCI_ADV_FILTER_ACCEPT_LIST_CONNECT
STM32_BLE.ADV_INTERVAL_MAX=320
STM32_BLE.ADV_INTERVAL_MAX_HEXA=0x0200
STM32_BLE.ADV_INTERVAL_MIN=160
STM32_BLE.ADV_INTERVAL_MIN_HEXA=0x0100
STM32_BLE.ADV_LP_INTERVAL_MAX=640
STM32_BLE.ADV_LP_INTERVAL_MAX_HEXA=0x0280
STM32_BLE.ADV_LP_INTERVAL_MIN=320
STM32_BLE.ADV_LP_INTERVAL_MIN_HEXA=0x0140
STM32_BLE.AD_SERVICE_CLASS_UUID_1=18 3E
STM32_BLE.AD_SERVICE_CLASS_UUID_1_INV=[3E, 18]
STM32_BLE.AD_TYPE_COMPLETE_LOCAL_NAME=WatchDog
STM32_BLE.AD_TYPE_MANUFACTURER_DATA_1=53
STM32_BLE.AD_TYPE_MANUFACTURER_DATA_2=65
STM32_BLE.AD_TYPE_MANUFACTURER_DATA_3=62
STM32_BLE.AD_TYPE_MANUFACTURER_DATA_4=6B
STM32_BLE.AD_TYPE_MANUFACTURER_DATA_5=61
STM32_BLE.AD_TYPE_MANUFACTURER_DATA_6=62
STM32_BLE.AD_TYPE_MANUFACTURER_DATA_7=6F
STM32_BLE.AD_TYPE_MANUFACTURER_DATA_8=62
STM32_BLE.AD_TYPE_MANUFACTURER_DATA_NBR=8
STM32_BLE.AD_TYPE_MANUFACTURER_SPECIFIC_DATA_COMPANY_IDENTIFIER=FF,FF
STM32_BLE.BSP.number=1
STM32_BLE.CFG_BONDING_MODE=1
STM32_BLE.CFG_FULL_LOW_POWER=0
STM32_BLE.CFG_GAP_DEVICE_NAME=WatchDog
STM32_BLE.CFG_LSCLK_LSE=1
STM32_BLE.CFG_PUBLIC_BD_ADDRESS=0xF1D000000014
STM32_BLE.CFG_SCAN_INT_MS=250.0
STM32_BLE.CFG_SCAN_WIN_MS=250.0
STM32_BLE.CFG_TX_POWER=(0x1F) /* 0x1F <\=> 8 dBm */
STM32_BLE.CFG_TX_POWER_MODE=(1) /* Tx high power mode */
STM32_BLE.INCLUDE_AD_TYPE_16_BIT_SERV_UUID_CMPLT_LIST=1
STM32_BLE.INCLUDE_AD_TYPE_COMPLETE_LOCAL_NAME=1
STM32_BLE.INCLUDE_AD_TYPE_MANUFACTURER_SPECIFIC_DATA=1
STM32_BLE.IPParameters=INCLUDE_AD_TYPE_COMPLETE_LOCAL_NAME,AD_TYPE_COMPLETE_LOCAL_NAME,CFG_TX_POWER_MODE,CFG_TX_POWER,INCLUDE_AD_TYPE_MANUFACTURER_SPECIFIC_DATA,AD_TYPE_MANUFACTURER_DATA_NBR,CFG_GAP_DEVICE_NAME,ADV_LP_INTERVAL_MAX,ADV_LP_INTERVAL_MIN,CFG_LSCLK_LSE,AD_TYPE_MANUFACTURER_SPECIFIC_DATA_COMPANY_IDENTIFIER,AD_TYPE_MANUFACTURER_DATA_1,AD_TYPE_MANUFACTURER_DATA_2,AD_TYPE_MANUFACTURER_DATA_3,AD_TYPE_MANUFACTURER_DATA_4,AD_TYPE_MANUFACTURER_DATA_5,AD_TYPE_MANUFACTURER_DATA_6,AD_TYPE_MANUFACTURER_DATA_7,AD_TYPE_MANUFACTURER_DATA_8,NUMBER_OF_SERVICES,SERVICE1_LONG_NAME,SERVICE1_SHORT_NAME,SERVICE1_NUMBER_OF_CHARACTERISTICS,SERVICE1_CHAR1_LONG_NAME,SERVICE1_CHAR1_SHORT_NAME,SERVICE1_UUID,SERVICE1_CHAR1_UUID_128_INPUT_TYPE,SERVICE1_CHAR1_UUID,SERVICE1_CHAR1_VALUE_LENGTH,SERVICE1_CHAR1_LENGTH_CHARACTERISTIC,SERVICE1_CHAR1_PROP_READ,SERVICE1_CHAR1_PROP_WRITE_NO_RESP,SERVICE1_CHAR1_GATT_NOTIFY_READ_REQ_AND_WAIT_FOR_APPL_RESP,SERVICE1_CHAR1_GATT_NOTIFY_WRITE_REQ_AND_WAIT_FOR_APPL_RESP,SERVICE1_CHAR1_PROP_WRITE,SERVICE1_UUID_TYPE,SERVICE1_UUID_ALLOCATION_TYPE,INCLUDE_AD_TYPE_16_BIT_SERV_UUID_CMPLT_LIST,AD_SERVICE_CLASS_UUID_1,AD_SERVICE_CLASS_UUID_1_INV,SERVICE1_CHAR2_LONG_NAME,SERVICE1_CHAR2_SHORT_NAME,SERVICE1_CHAR2_UUID,SERVICE1_CHAR2_PROP_NOTIFY,SERVICE1_CHAR2_GATT_NOTIFY_WRITE_REQ_AND_WAIT_FOR_APPL_RESP,SERVICE1_CHAR2_GATT_NOTIFY_READ_REQ_AND_WAIT_FOR_APPL_RESP,SERVICE1_CHAR2_GATT_NOTIFY_ATTRIBUTE_WRITE,ADV_INTERVAL_MIN,ADV_INTERVAL_MIN_HEXA,ADV_INTERVAL_MAX,ADV_INTERVAL_MAX_HEXA,ADV_LP_INTERVAL_MIN_HEXA,ADV_LP_INTERVAL_MAX_HEXA,CFG_SCAN_INT_MS,CFG_SCAN_WIN_MS,SERVICE1_CHAR2_VALUE_LENGTH,CFG_PUBLIC_BD_ADDRESS,CFG_FULL_LOW_POWER,CFG_BONDING_MODE,ADV_FILTER,SERVICE1_CHAR3_LONG_NAME,SERVICE1_CHAR3_SHORT_NAME,SERVICE1_CHAR3_UUID,SERVICE1_CHAR3_VALUE_LENGTH
STM32_BLE.NUMBER_OF_SERVICES=1
STM32_BLE.SERVICE1_CHAR1_GATT_NOTIFY_READ_REQ_AND_WAIT_FOR_APPL_RESP=\ 
STM32_BLE.SERVICE1_CHAR1_GATT_NOTIFY_WRITE_REQ_AND_WAIT_FOR_APPL_RESP=\ 
STM32_BLE.SERVICE1_CHAR1_LENGTH_CHARACTERISTIC=CHAR_VALUE_LEN_VARIABLE
STM32_BLE.SERVICE1_CHAR1_LONG_NAME=AppToWD
STM32_BLE.SERVICE1_CHAR1_PROP_READ=\ 
STM32_BLE.SERVICE1_CHAR1_PROP_WRITE=BLE_GATT_SRV_CHAR_PROP_WRITE
STM32_BLE.SERVICE1_CHAR1_PROP_WRITE_NO_RESP=\ 
STM32_BLE.SERVICE1_CHAR1_SHORT_NAME=AppToWD
STM32_BLE.SERVICE1_CHAR1_UUID=20 02
STM32_BLE.SERVICE1_CHAR1_UUID_128_INPUT_TYPE=0
STM32_BLE.SERVICE1_CHAR1_VALUE_LENGTH=20
STM32_BLE.SERVICE1_CHAR2_GATT_NOTIFY_ATTRIBUTE_WRITE=\ 
STM32_BLE.SERVICE1_CHAR2_GATT_NOTIFY_READ_REQ_AND_WAIT_FOR_APPL_RESP=\ 
STM32_BLE.SERVICE1_CHAR2_GATT_NOTIFY_WRITE_REQ_AND_WAIT_FOR_APPL_RESP=\ 
STM32_BLE.SERVICE1_CHAR2_LONG_NAME=DeviceStatus
STM32_BLE.SERVICE1_CHAR2_PROP_NOTIFY=BLE_GATT_SRV_CHAR_PROP_NOTIFY
STM32_BLE.SERVICE1_CHAR2_SHORT_NAME=DeviceStatus
STM32_BLE.SERVICE1_CHAR2_UUID=00 09
STM32_BLE.SERVICE1_CHAR2_VALUE_LENGTH=2
STM32_BLE.SERVICE1_CHAR3_LONG_NAME=MotionData
STM32_BLE.SERVICE1_CHAR3_SHORT_NAME=MotionData
STM32_BLE.SERVICE1_CHAR3_UUID=01 33
STM32_BLE.SERVICE1_CHAR3_VALUE_LENGTH=8
STM32_BLE.SERVICE1_LONG_NAME=LockService
STM32_BLE.SERVICE1_NUMBER_OF_CHARACTERISTICS=3
STM32_BLE.SERVICE1_SHORT_NAME=LockService
STM32_BLE.SERVICE1_UUID=18 3E
STM32_BLE.SERVICE1_UUID_ALLOCATION_TYPE=Proprietary
STM32_BLE.SERVICE1_UUID_TYPE=0x01
STM32_BLE0.BSP.STBoard=false
STM32_BLE0.BSP.api=Unknown
STM32_BLE0.BSP.component=
STM32_BLE0.BSP.condition=
STM32_BLE0.BSP.instance=USART1
STM32_BLE0.BSP.ip=(LPU|US)ART
STM32_BLE0.BSP.mode=Asynchronous
STM32_BLE0.BSP.name=Serial Link for Traces
STM32_BLE0.BSP.semaphore=
STM32_BLE0.BSP.solution=USART1
TIM2.AutoReloadPreload=TIM_AUTORELOAD_PRELOAD_ENABLE
TIM2.Channel-PWM\ Generation1\ CH1=TIM_CHANNEL_1
TIM2.Channel-PWM\ Generation2\ CH2=TIM_CHANNEL_2
TIM2.Channel-PWM\ Generation3\ CH3=TIM_CHANNEL_3
TIM2.IPParameters=Prescaler,Period,AutoReloadPreload,Channel-PWM Generation3 CH3,Channel-PWM Generation2 CH2,Channel-PWM Generation1 CH1
TIM2.Period=999
TIM2.Prescaler=63
USART1.IPParameters=VirtualMode-Asynchronous
USART1.VirtualMode-Asynchronous=VM_ASYNC
VP_ADV_TRACE_VS_ADV_TRACE.Mode=ADV_TRACE_Enabled
VP_ADV_TRACE_VS_ADV_TRACE.Signal=ADV_TRACE_VS_ADV_TRACE
VP_COMMON_BLE_VS_Utility_Common_BLE_1.0.0_1.0.0.Mode=Utility_Common
VP_COMMON_BLE_VS_Utility_Common_BLE_1.0.0_1.0.0.Signal=COMMON_BLE_VS_Utility_Common_BLE_1.0.0_1.0.0
VP_MEMORYMAP_VS_MEMORYMAP.Mode=CurAppReg
VP_MEMORYMAP_VS_MEMORYMAP.Signal=MEMORYMAP_VS_MEMORYMAP
VP_MISC_VS_MISC.Mode=MISC_Enabled
VP_MISC_VS_MISC.Signal=MISC_VS_MISC
VP_PKA_VS_PKA.Mode=PKA_Activate
VP_PKA_VS_PKA.Signal=PKA_VS_PKA
VP_PWR_VS_SECSignals.Mode=Security/Privilege
VP_PWR_VS_SECSignals.Signal=PWR_VS_SECSignals
VP_RADIO_TIMER_VS_RADIO.Mode=RADIO_Activate
VP_RADIO_TIMER_VS_RADIO.Signal=RADIO_TIMER_VS_RADIO
VP_RNG_VS_RNG.Mode=RNG_Activate
VP_RNG_VS_RNG.Signal=RNG_VS_RNG
VP_RTC_VS_RTC_Activate.Mode=RTC_Enabled
VP_RTC_VS_RTC_Activate.Signal=RTC_VS_RTC_Activate
VP_RTC_VS_RTC_Calendar.Mode=RTC_Calendar
VP_RTC_VS_RTC_Calendar.Signal=RTC_VS_RTC_Calendar
VP_SEQUENCER_VS_SEQUENCER.Mode=SEQUENCER_Enabled
VP_SEQUENCER_VS_SEQUENCER.Signal=SEQUENCER_VS_SEQUENCER
VP_STM32_BLE_VS_BLE_HOST_SP.Mode=BLE_Server
VP_STM32_BLE_VS_BLE_HOST_SP.Signal=STM32_BLE_VS_BLE_HOST_SP
VP_SYS_VS_Systick.Mode=SysTick
VP_SYS_VS_Systick.Signal=SYS_VS_Systick
VP_TIM2_VS_ClockSourceINT.Mode=Internal
VP_TIM2_VS_ClockSourceINT.Signal=TIM2_VS_ClockSourceINT
VP_TINY_LPM_VS_TINY_LPM.Mode=TINY_LPM_Enabled
VP_TINY_LPM_VS_TINY_LPM.Signal=TINY_LPM_VS_TINY_LPM
board=custom
isbadioc=false
